
Microsoft Visual Studio Solution File, Format Version 12.00
# Visual Studio 15
VisualStudioVersion = 15.0.28010.2048
MinimumVisualStudioVersion = 10.0.40219.1
Project("{FAE04EC0-301F-11D3-BF4B-00C04F79EFBC}") = "VLC_Controller", "VLC_Controller\VLC_Controller.csproj", "{AE44BEC4-F761-476D-9091-597D6D93DE73}"
EndProject
Global
	GlobalSection(SolutionConfigurationPlatforms) = preSolution
		Debug|Any CPU = Debug|Any CPU
		Release|Any CPU = Release|Any CPU
	EndGlobalSection
	GlobalSection(ProjectConfigurationPlatforms) = postSolution
		{AE44BEC4-F761-476D-9091-597D6D93DE73}.Debug|Any CPU.ActiveCfg = Debug|Any CPU
		{AE44BEC4-F761-476D-9091-597D6D93DE73}.Debug|Any CPU.Build.0 = Debug|Any CPU
		{AE44BEC4-F761-476D-9091-597D6D93DE73}.Release|Any CPU.ActiveCfg = Release|Any CPU
		{AE44BEC4-F761-476D-9091-597D6D93DE73}.Release|Any CPU.Build.0 = Release|Any CPU
	EndGlobalSection
	GlobalSection(SolutionProperties) = preSolution
		HideSolutionNode = FALSE
	EndGlobalSection
	GlobalSection(ExtensibilityGlobals) = postSolution
		SolutionGuid = {F6A1B7DF-8DC6-483E-A162-5195199149B3}
	EndGlobalSection
EndGlobal
